schema: '2.0'
stages:
  data_ingestion:
    cmd: python src/data_ingestion.py
    deps:
    - path: src/data_ingestion.py
      hash: md5
      md5: 9542cb943175b1a2d8c5792a3a9b8e8e
      size: 3188
    outs:
    - path: data/raw
      hash: md5
      md5: fb326d2eec197669f9638afde28356bf.dir
      size: 827973
      nfiles: 2
  data_preprocessing:
    cmd: python src/data_preprocessing.py
    deps:
    - path: data/raw
      hash: md5
      md5: fb326d2eec197669f9638afde28356bf.dir
      size: 827973
      nfiles: 2
    - path: src/data_preprocessing.py
      hash: md5
      md5: d6e9f3697c29904858ac1a414fa4ea0d
      size: 2427
    outs:
    - path: data/processed
      hash: md5
      md5: 942323efba911a42bc5b18b3e6c76c13.dir
      size: 622285
      nfiles: 2
  feature_engineering:
    cmd: python src/feature_engineering.py
    deps:
    - path: data/processed
      hash: md5
      md5: 942323efba911a42bc5b18b3e6c76c13.dir
      size: 622285
      nfiles: 2
    - path: src/feature_engineering.py
      hash: md5
      md5: 8ace4ec0b58d75c9bc6d2c7d34b4a87a
      size: 1339
    params:
      params.yaml:
        feature_engineering.max_features: 55
    outs:
    - path: data/features
      hash: md5
      md5: 62d3df4a583f011059d2dbae6d1a3e72.dir
      size: 1222238
      nfiles: 2
  model_building:
    cmd: python src/model_building.py
    deps:
    - path: data/features
      hash: md5
      md5: 62d3df4a583f011059d2dbae6d1a3e72.dir
      size: 1222238
      nfiles: 2
    - path: src/model_building.py
      hash: md5
      md5: 6d4d5006b4515891c2eeb3cde576d9a8
      size: 706
    params:
      params.yaml:
        model_building.learning_rate: 0.1
        model_building.n_estimators: 50
    outs:
    - path: model.pkl
      hash: md5
      md5: 542e329c260fa982ec74c3d288abeddb
      size: 69862
  model_evaluation:
    cmd: python src/model_evaluation.py
    deps:
    - path: model.pkl
      hash: md5
      md5: 542e329c260fa982ec74c3d288abeddb
      size: 69862
    - path: src/model_evaluation.py
      hash: md5
      md5: 08b695ef34369042ef7b9deb2182713d
      size: 855
    outs:
    - path: metrics.json
      hash: md5
      md5: 92381c8d7d6396d520cde962b3c9b9e7
      size: 145
